{
  "name": "externalmodule",
  "version": "1.0.0",
  "lockfileVersion": 3,
  "requires": true,
  "packages": {
    "": {
      "name": "externalmodule",
      "version": "1.0.0",
      "dependencies": {
        "arraylist": "*"
      }
    },
    "node_modules/arraylist": {
      "version": "0.1.0",
      "resolved": "https://registry.npmjs.org/arraylist/-/arraylist-0.1.0.tgz",
      "integrity": "sha512-tYER7XoxQusD8leYnvEB6Jg8EeE7OChpLEdkTzZ4SgxOtuOjg0Dke7T+CySzTDecOD1WyYipLxwuVehXmHh/HQ==",
      "dependencies": {
        "underscore": "^1.6.0"
      }
    },
    "node_modules/underscore": {
      "version": "1.13.7",
      "resolved": "https://registry.npmjs.org/underscore/-/underscore-1.13.7.tgz",
      "integrity": "sha512-GMXzWtsc57XAtguZgaQViUOzs0KTkk8ojr3/xAxXLITqf/3EMwxC0inyETfDFjH/Krbhuep0HNbbjI9i/q3F3g=="
    }
  }
}
